<?xml version="1.0" encoding="utf-8"?>
<Project ToolsVersion="4.0" xmlns="http://schemas.microsoft.com/developer/msbuild/2003">
  <ItemGroup>
    <Filter Include="源文件">
      <UniqueIdentifier>{4FC737F1-C7A5-4376-A066-2A32D752A2FF}</UniqueIdentifier>
      <Extensions>cpp;c;cc;cxx;c++;cppm;ixx;def;odl;idl;hpj;bat;asm;asmx</Extensions>
    </Filter>
    <Filter Include="头文件">
      <UniqueIdentifier>{93995380-89BD-4b04-88EB-625FBE52EBFB}</UniqueIdentifier>
      <Extensions>h;hh;hpp;hxx;h++;hm;inl;inc;ipp;xsd</Extensions>
    </Filter>
    <Filter Include="资源文件">
      <UniqueIdentifier>{67DA6AB6-F800-4c08-8B7A-83BB121AAD01}</UniqueIdentifier>
      <Extensions>rc;ico;cur;bmp;dlg;rc2;rct;bin;rgs;gif;jpg;jpeg;jpe;resx;tiff;tif;png;wav;mfcribbon-ms</Extensions>
    </Filter>
  </ItemGroup>
  <ItemGroup>
    <ClInclude Include="C++\Graph_Structure\Graph_AdjacencyList\Graph_AdjacencyList.h">
      <Filter>头文件</Filter>
    </ClInclude>
    <ClInclude Include="C++\Graph_Structure\Graph_Matrix\Graph_Matrix.h">
      <Filter>头文件</Filter>
    </ClInclude>
    <ClInclude Include="C++\Graph_Structure\Graph_Structure.h">
      <Filter>头文件</Filter>
    </ClInclude>
    <ClInclude Include="C++\Liner_Structure\Liner_List\Liner_List_Link\Link_List.h">
      <Filter>头文件</Filter>
    </ClInclude>
    <ClInclude Include="C++\Liner_Structure\Liner_List\Liner_List_Sequential\Liner_List_Sequential.h">
      <Filter>头文件</Filter>
    </ClInclude>
    <ClInclude Include="C++\Liner_Structure\Liner_List\Liner_List_ADT.h">
      <Filter>头文件</Filter>
    </ClInclude>
    <ClInclude Include="C++\Liner_Structure\Liner_Queue\Liner_Queue_Linked\Liner_Queue_Linked.h">
      <Filter>头文件</Filter>
    </ClInclude>
    <ClInclude Include="C++\Liner_Structure\Liner_Queue\Liner_Queue_Sequential\Liner_Queue_Sequential.h">
      <Filter>头文件</Filter>
    </ClInclude>
    <ClInclude Include="C++\Liner_Structure\Liner_Queue\Liner_Queue_ADT.h">
      <Filter>头文件</Filter>
    </ClInclude>
    <ClInclude Include="C++\Liner_Structure\Liner_Stack\Liner_Stack_Linked\Liner_Stack_Linked.h">
      <Filter>头文件</Filter>
    </ClInclude>
    <ClInclude Include="C++\Liner_Structure\Liner_Stack\Liner_Stack_Sequential\Liner_Stack_Sequential.h">
      <Filter>头文件</Filter>
    </ClInclude>
    <ClInclude Include="C++\Liner_Structure\Liner_Stack\Liner_Stack_ADT.h">
      <Filter>头文件</Filter>
    </ClInclude>
    <ClInclude Include="C++\Liner_Structure\List_Node.h">
      <Filter>头文件</Filter>
    </ClInclude>
    <ClInclude Include="C++\Set_Structure\Set_Hash_LinearDetection.h">
      <Filter>头文件</Filter>
    </ClInclude>
    <ClInclude Include="C++\Set_Structure\Set_Hash_LinkAddress.h">
      <Filter>头文件</Filter>
    </ClInclude>
    <ClInclude Include="C++\Tree_Structure\Tree\Tree_Binary\Binary_Tree_Thread\Binary_Tree_Thread.h">
      <Filter>头文件</Filter>
    </ClInclude>
    <ClInclude Include="C++\Tree_Structure\Tree\Tree_Binary\Tree_Binary_ADT.h">
      <Filter>头文件</Filter>
    </ClInclude>
    <ClInclude Include="C++\Tree_Structure\Heap\Binary_Heap.h">
      <Filter>头文件</Filter>
    </ClInclude>
    <ClInclude Include="C++\Tree_Structure\Tree\Tree_Binary\Tree_Binary_Normal\Tree_Binary_Normal.h">
      <Filter>头文件</Filter>
    </ClInclude>
    <ClInclude Include="C++\Tree_Structure\Tree\Tree_Binary\Tree_Binary_Search\Binary_Tree_Search_Normal\Binary_Tree_Search_Normal.h">
      <Filter>头文件</Filter>
    </ClInclude>
    <ClInclude Include="C++\Tree_Structure\Tree\Tree_Binary\Tree_Binary_Search\Tree_Binary_Search_AVL\Tree_Binary_Search_AVL.h">
      <Filter>头文件</Filter>
    </ClInclude>
    <ClInclude Include="C++\Tree_Structure\Tree\Tree_Binary\Tree_Binary_Search\Tree_Binary_Search_BRT\Tree_Binary_Search_BRT.h">
      <Filter>头文件</Filter>
    </ClInclude>
    <ClInclude Include="C++\Tree_Structure\Tree_Structure_ADT.h">
      <Filter>头文件</Filter>
    </ClInclude>
    <ClInclude Include="C++\Monitor.h">
      <Filter>头文件</Filter>
    </ClInclude>
    <ClInclude Include="C++\Node.h">
      <Filter>头文件</Filter>
    </ClInclude>
    <ClInclude Include="C++\Object.h">
      <Filter>头文件</Filter>
    </ClInclude>
    <ClInclude Include="C++\Graph_Structure\Graph_EdgeSetList\Graph_EdgeSetList.h">
      <Filter>头文件</Filter>
    </ClInclude>
    <ClInclude Include="C++\Graph_Structure\Graph_Matrix\Vertex_Matrix.h">
      <Filter>头文件</Filter>
    </ClInclude>
    <ClInclude Include="C++\Graph_Structure\Graph_AdjacencyList\Vertex_AdjacencyList.h">
      <Filter>头文件</Filter>
    </ClInclude>
    <ClInclude Include="C++\Graph_Structure\Graph_AdjacencyList\Edge_AdjacencyList.h">
      <Filter>头文件</Filter>
    </ClInclude>
    <ClInclude Include="C++\Liner_Structure\Liner_List\Liner_List.h">
      <Filter>头文件</Filter>
    </ClInclude>
    <ClInclude Include="C++\Liner_Structure\Liner_Stack\Liner_Stack.h">
      <Filter>头文件</Filter>
    </ClInclude>
    <ClInclude Include="C++\Liner_Structure\Liner_Queue\Liner_Queue.h">
      <Filter>头文件</Filter>
    </ClInclude>
    <ClInclude Include="C++\Tree_Structure\MergeFindSet\MergeFindSet.h">
      <Filter>头文件</Filter>
    </ClInclude>
    <ClInclude Include="C++\Tree_Structure\MergeFindSet\MergeFindSet_QuickFind.h">
      <Filter>头文件</Filter>
    </ClInclude>
    <ClInclude Include="C++\Tree_Structure\MergeFindSet\MergeFindSet_QuickMerge.h">
      <Filter>头文件</Filter>
    </ClInclude>
    <ClInclude Include="C++\Tree_Structure\MergeFindSet\MergeFindSet_ADT.h">
      <Filter>头文件</Filter>
    </ClInclude>
    <ClInclude Include="C++\Tree_Structure\Tree\HighOrder_Tree\Normal Tree\Tree_HighOrder_ChildSibling\Tree_HighOrder_ChildSibling.h">
      <Filter>头文件</Filter>
    </ClInclude>
    <ClInclude Include="C++\Tree_Structure\Tree\HighOrder_Tree\Normal Tree\Tree_HighOrder_ChildSibling\TreeNode_HighOrder_ChildSibling.h">
      <Filter>头文件</Filter>
    </ClInclude>
    <ClInclude Include="C++\Tree_Structure\Tree\Tree.h">
      <Filter>头文件</Filter>
    </ClInclude>
    <ClInclude Include="C++\Tree_Structure\Tree\Tree_Node.h">
      <Filter>头文件</Filter>
    </ClInclude>
    <ClInclude Include="C++\Tree_Structure\Tree\HighOrder_Tree\Normal Tree\Tree_HighOrder_Parent\Tree_HighOrder_Parent.h">
      <Filter>头文件</Filter>
    </ClInclude>
    <ClInclude Include="C++\Tree_Structure\Tree\HighOrder_Tree\Normal Tree\Tree_HighOrder_Child\Tree_HighOrder_Child.h">
      <Filter>头文件</Filter>
    </ClInclude>
    <ClInclude Include="C++\Tree_Structure\Tree\HighOrder_Tree\Normal Tree\Tree_HighOrder_Child\TreeNode_HighOrder_Child.h">
      <Filter>头文件</Filter>
    </ClInclude>
    <ClInclude Include="C++\Tree_Structure\Tree\HighOrder_Tree\Normal Tree\Normal Tree.h">
      <Filter>头文件</Filter>
    </ClInclude>
    <ClInclude Include="C++\Tree_Structure\Tree\HighOrder_Tree\B_Tree\B_Node.h">
      <Filter>头文件</Filter>
    </ClInclude>
    <ClInclude Include="C++\Tree_Structure\Tree\HighOrder_Tree\TreeNode_HighOrder.h">
      <Filter>头文件</Filter>
    </ClInclude>
    <ClInclude Include="C++\Tree_Structure\Tree\HighOrder_Tree\B_Tree\Tree_B+.h">
      <Filter>头文件</Filter>
    </ClInclude>
    <ClInclude Include="C++\Tree_Structure\Tree\HighOrder_Tree\B_Tree\B_Plus\B_Plus.h">
      <Filter>头文件</Filter>
    </ClInclude>
    <ClInclude Include="C++\Tree_Structure\Tree\HighOrder_Tree\B_Tree\B_Plus\Node_BPlus.h">
      <Filter>头文件</Filter>
    </ClInclude>
    <ClInclude Include="C++\Tree_Structure\Tree\HighOrder_Tree\B_Tree\Tree_B.h">
      <Filter>头文件</Filter>
    </ClInclude>
    <ClInclude Include="C++\Tree_Structure\Tree\HighOrder_Tree\B_Tree\encapsulation\encapsulation.h">
      <Filter>头文件</Filter>
    </ClInclude>
    <ClInclude Include="C++\Tree_Structure\Tree\Tree_Binary\Node_BinaryTree.h">
      <Filter>头文件</Filter>
    </ClInclude>
    <ClInclude Include="C++\Tree_Structure\Tree\Tree_Binary\Binary_Tree_Thread\Node_BinaryThreadTree.h">
      <Filter>头文件</Filter>
    </ClInclude>
    <ClInclude Include="C++\Tree_Structure\Tree\Tree_Binary\Tree_Binary.h">
      <Filter>头文件</Filter>
    </ClInclude>
    <ClInclude Include="C++\Tree_Structure\Tree\Tree_Binary\Tree_Binary_Search\Tree_Binary_Search_BRT\Node_Binary_Search_RB.h">
      <Filter>头文件</Filter>
    </ClInclude>
    <ClInclude Include="C++\Tree_Structure\Tree\Tree_Binary\Tree_Binary_Search\Tree_Binary_Search_AVL\Node_Binary_Search_Balance.h">
      <Filter>头文件</Filter>
    </ClInclude>
    <ClInclude Include="C++\Tree_Structure\Tree\Tree_Binary\Tree_Binary_Search\Tree_Binary_Search.h">
      <Filter>头文件</Filter>
    </ClInclude>
    <ClInclude Include="C++\Tree_Structure\Tree\Tree_Binary\Tree_Binary_Search\Node_Binary_Search.h">
      <Filter>头文件</Filter>
    </ClInclude>
    <ClInclude Include="C++\Tree_Structure\Tree\Tree_Binary\Tree_Binary_Search\Binary_Tree_Search_Normal\Node_Binary_Search_Normal.h">
      <Filter>头文件</Filter>
    </ClInclude>
  </ItemGroup>
  <ItemGroup>
    <ClCompile Include="C++\Tree_Structure\Tree\Tree_Binary\Tree_Binary_Search\main.cpp">
      <Filter>源文件</Filter>
    </ClCompile>
  </ItemGroup>
</Project>